
Microsoft Visual Studio Solution File, Format Version 12.00
# Visual Studio 15
VisualStudioVersion = 15.0.28307.572
MinimumVisualStudioVersion = 10.0.40219.1
Project("{FAE04EC0-301F-11D3-BF4B-00C04F79EFBC}") = "Compiler", "Compiler\Compiler.csproj", "{9F4DF186-A59A-4503-8875-3BD4F063FB50}"
EndProject
Global
	GlobalSection(SolutionConfigurationPlatforms) = preSolution
		Debug|Any CPU = Debug|Any CPU
		Release|Any CPU = Release|Any CPU
	EndGlobalSection
	GlobalSection(ProjectConfigurationPlatforms) = postSolution
		{9F4DF186-A59A-4503-8875-3BD4F063FB50}.Debug|Any CPU.ActiveCfg = Debug|Any CPU
		{9F4DF186-A59A-4503-8875-3BD4F063FB50}.Debug|Any CPU.Build.0 = Debug|Any CPU
		{9F4DF186-A59A-4503-8875-3BD4F063FB50}.Release|Any CPU.ActiveCfg = Release|Any CPU
		{9F4DF186-A59A-4503-8875-3BD4F063FB50}.Release|Any CPU.Build.0 = Release|Any CPU
	EndGlobalSection
	GlobalSection(SolutionProperties) = preSolution
		HideSolutionNode = FALSE
	EndGlobalSection
	GlobalSection(ExtensibilityGlobals) = postSolution
		SolutionGuid = {36C94FB7-B084-4821-9C35-70068870A3BC}
	EndGlobalSection
EndGlobal
